
Microsoft Visual Studio Solution File, Format Version 12.00
# Visual Studio Version 17
VisualStudioVersion = 17.3.32811.315
MinimumVisualStudioVersion = 10.0.40219.1
Project("{FAE04EC0-301F-11D3-BF4B-00C04F79EFBC}") = "E-Cart Online Shopping", "E-Cart Online Shopping\E-Cart Online Shopping.csproj", "{8727F50D-FE52-4007-BDF4-CF767C89D321}"
EndProject
Global
	GlobalSection(SolutionConfigurationPlatforms) = preSolution
		Debug|Any CPU = Debug|Any CPU
		Release|Any CPU = Release|Any CPU
	EndGlobalSection
	GlobalSection(ProjectConfigurationPlatforms) = postSolution
		{8727F50D-FE52-4007-BDF4-CF767C89D321}.Debug|Any CPU.ActiveCfg = Debug|Any CPU
		{8727F50D-FE52-4007-BDF4-CF767C89D321}.Debug|Any CPU.Build.0 = Debug|Any CPU
		{8727F50D-FE52-4007-BDF4-CF767C89D321}.Release|Any CPU.ActiveCfg = Release|Any CPU
		{8727F50D-FE52-4007-BDF4-CF767C89D321}.Release|Any CPU.Build.0 = Release|Any CPU
	EndGlobalSection
	GlobalSection(SolutionProperties) = preSolution
		HideSolutionNode = FALSE
	EndGlobalSection
	GlobalSection(ExtensibilityGlobals) = postSolution
		SolutionGuid = {281687A1-88D6-487C-8A2A-9CB8C76C4251}
	EndGlobalSection
EndGlobal
